
Microsoft Visual Studio Solution File, Format Version 12.00
# Visual Studio 2015
Project("{FAE04EC0-301F-11D3-BF4B-00C04F79EFBC}") = "KuuraInTheGlobe.CSharp", "KuuraInTheGlobe.CSharp.csproj", "{7574F201-65D2-D70A-2CEF-2FD8CDE71B39}"
EndProject
Project("{FAE04EC0-301F-11D3-BF4B-00C04F79EFBC}") = "KuuraInTheGlobe.CSharp.Editor", "KuuraInTheGlobe.CSharp.Editor.csproj", "{7DBE683B-627F-F317-3AA7-01CAFC2E0F7F}"
EndProject
Global
	GlobalSection(SolutionConfigurationPlatforms) = preSolution
		Debug|Any CPU = Debug|Any CPU
		Release|Any CPU = Release|Any CPU
	EndGlobalSection
	GlobalSection(ProjectConfigurationPlatforms) = postSolution
		{7574F201-65D2-D70A-2CEF-2FD8CDE71B39}.Debug|Any CPU.ActiveCfg = Debug|Any CPU
		{7574F201-65D2-D70A-2CEF-2FD8CDE71B39}.Debug|Any CPU.Build.0 = Debug|Any CPU
		{7574F201-65D2-D70A-2CEF-2FD8CDE71B39}.Release|Any CPU.ActiveCfg = Release|Any CPU
		{7574F201-65D2-D70A-2CEF-2FD8CDE71B39}.Release|Any CPU.Build.0 = Release|Any CPU
		{7DBE683B-627F-F317-3AA7-01CAFC2E0F7F}.Debug|Any CPU.ActiveCfg = Debug|Any CPU
		{7DBE683B-627F-F317-3AA7-01CAFC2E0F7F}.Debug|Any CPU.Build.0 = Debug|Any CPU
		{7DBE683B-627F-F317-3AA7-01CAFC2E0F7F}.Release|Any CPU.ActiveCfg = Release|Any CPU
		{7DBE683B-627F-F317-3AA7-01CAFC2E0F7F}.Release|Any CPU.Build.0 = Release|Any CPU
	EndGlobalSection
	GlobalSection(SolutionProperties) = preSolution
		HideSolutionNode = FALSE
	EndGlobalSection
EndGlobal
