
Microsoft Visual Studio Solution File, Format Version 12.00
# Visual Studio 2015
Project("{FAE04EC0-301F-11D3-BF4B-00C04F79EFBC}") = "World Map.CSharp", "World Map.CSharp.csproj", "{B715D781-58D1-DC7F-265B-EE47F38FF46C}"
EndProject
Project("{FAE04EC0-301F-11D3-BF4B-00C04F79EFBC}") = "World Map.CSharp.Editor", "World Map.CSharp.Editor.csproj", "{F34D009B-CD0A-0C89-9687-311A4896C2A3}"
EndProject
Global
	GlobalSection(SolutionConfigurationPlatforms) = preSolution
		Debug|Any CPU = Debug|Any CPU
		Release|Any CPU = Release|Any CPU
	EndGlobalSection
	GlobalSection(ProjectConfigurationPlatforms) = postSolution
		{B715D781-58D1-DC7F-265B-EE47F38FF46C}.Debug|Any CPU.ActiveCfg = Debug|Any CPU
		{B715D781-58D1-DC7F-265B-EE47F38FF46C}.Debug|Any CPU.Build.0 = Debug|Any CPU
		{B715D781-58D1-DC7F-265B-EE47F38FF46C}.Release|Any CPU.ActiveCfg = Release|Any CPU
		{B715D781-58D1-DC7F-265B-EE47F38FF46C}.Release|Any CPU.Build.0 = Release|Any CPU
		{F34D009B-CD0A-0C89-9687-311A4896C2A3}.Debug|Any CPU.ActiveCfg = Debug|Any CPU
		{F34D009B-CD0A-0C89-9687-311A4896C2A3}.Debug|Any CPU.Build.0 = Debug|Any CPU
		{F34D009B-CD0A-0C89-9687-311A4896C2A3}.Release|Any CPU.ActiveCfg = Release|Any CPU
		{F34D009B-CD0A-0C89-9687-311A4896C2A3}.Release|Any CPU.Build.0 = Release|Any CPU
	EndGlobalSection
	GlobalSection(SolutionProperties) = preSolution
		HideSolutionNode = FALSE
	EndGlobalSection
EndGlobal
